
Microsoft Visual Studio Solution File, Format Version 12.00
# Visual Studio 2012
VisualStudioVersion = 12.0.30501.0
MinimumVisualStudioVersion = 10.0.40219.1
Project("{FAE04EC0-301F-11D3-BF4B-00C04F79EFBC}") = "MacEditor", "MacEditor\MacEditor.csproj", "{AF0AA5BA-FBBC-47C2-986D-D3DEFE85081D}"
EndProject
Project("{FAE04EC0-301F-11D3-BF4B-00C04F79EFBC}") = "WindowsEditor.Wpf", "WindowsEditor.Wpf\WindowsEditor.Wpf.csproj", "{B474AC4D-00F9-446C-897F-21F4189BA760}"
EndProject
Project("{D954291E-2A0B-460D-934E-DC6B0785DB48}") = "CrossPlatformLogic", "CrossPlatformLogic\CrossPlatformLogic.shproj", "{6D4A7C23-FB72-4585-A58D-CBD6B3850AD4}"
EndProject
Project("{FAE04EC0-301F-11D3-BF4B-00C04F79EFBC}") = "CollaborationServer", "CollaborationServer\CollaborationServer.csproj", "{3A9A2012-1075-4922-873B-A3C0019C73F8}"
EndProject
Global
	GlobalSection(SharedMSBuildProjectFiles) = preSolution
		CrossPlatformLogic\CrossPlatformLogic.projitems*{3a9a2012-1075-4922-873b-a3c0019c73f8}*SharedItemsImports = 4
		CrossPlatformLogic\CrossPlatformLogic.projitems*{b474ac4d-00f9-446c-897f-21f4189ba760}*SharedItemsImports = 4
		CrossPlatformLogic\CrossPlatformLogic.projitems*{6d4a7c23-fb72-4585-a58d-cbd6b3850ad4}*SharedItemsImports = 13
	EndGlobalSection
	GlobalSection(SolutionConfigurationPlatforms) = preSolution
		AppStore|Any CPU = AppStore|Any CPU
		Debug|Any CPU = Debug|Any CPU
		Release|Any CPU = Release|Any CPU
	EndGlobalSection
	GlobalSection(ProjectConfigurationPlatforms) = postSolution
		{AF0AA5BA-FBBC-47C2-986D-D3DEFE85081D}.AppStore|Any CPU.ActiveCfg = AppStore|Any CPU
		{AF0AA5BA-FBBC-47C2-986D-D3DEFE85081D}.AppStore|Any CPU.Build.0 = AppStore|Any CPU
		{AF0AA5BA-FBBC-47C2-986D-D3DEFE85081D}.Debug|Any CPU.ActiveCfg = Debug|Any CPU
		{AF0AA5BA-FBBC-47C2-986D-D3DEFE85081D}.Debug|Any CPU.Build.0 = Debug|Any CPU
		{AF0AA5BA-FBBC-47C2-986D-D3DEFE85081D}.Release|Any CPU.ActiveCfg = Release|Any CPU
		{AF0AA5BA-FBBC-47C2-986D-D3DEFE85081D}.Release|Any CPU.Build.0 = Release|Any CPU
		{B474AC4D-00F9-446C-897F-21F4189BA760}.AppStore|Any CPU.ActiveCfg = Release|Any CPU
		{B474AC4D-00F9-446C-897F-21F4189BA760}.AppStore|Any CPU.Build.0 = Release|Any CPU
		{B474AC4D-00F9-446C-897F-21F4189BA760}.Debug|Any CPU.ActiveCfg = Debug|Any CPU
		{B474AC4D-00F9-446C-897F-21F4189BA760}.Debug|Any CPU.Build.0 = Debug|Any CPU
		{B474AC4D-00F9-446C-897F-21F4189BA760}.Release|Any CPU.ActiveCfg = Release|Any CPU
		{B474AC4D-00F9-446C-897F-21F4189BA760}.Release|Any CPU.Build.0 = Release|Any CPU
		{3A9A2012-1075-4922-873B-A3C0019C73F8}.AppStore|Any CPU.ActiveCfg = Release|Any CPU
		{3A9A2012-1075-4922-873B-A3C0019C73F8}.AppStore|Any CPU.Build.0 = Release|Any CPU
		{3A9A2012-1075-4922-873B-A3C0019C73F8}.Debug|Any CPU.ActiveCfg = Debug|Any CPU
		{3A9A2012-1075-4922-873B-A3C0019C73F8}.Debug|Any CPU.Build.0 = Debug|Any CPU
		{3A9A2012-1075-4922-873B-A3C0019C73F8}.Release|Any CPU.ActiveCfg = Release|Any CPU
		{3A9A2012-1075-4922-873B-A3C0019C73F8}.Release|Any CPU.Build.0 = Release|Any CPU
	EndGlobalSection
	GlobalSection(MonoDevelopProperties) = preSolution
		StartupItem = MacEditor\MacEditor.csproj
	EndGlobalSection
	GlobalSection(SharedMSBuildProjectFiles) = preSolution
		CrossPlatformLogic\CrossPlatformLogic.projitems*{b474ac4d-00f9-446c-897f-21f4189ba760}*SharedItemsImports = 4
		CrossPlatformLogic\CrossPlatformLogic.projitems*{6d4a7c23-fb72-4585-a58d-cbd6b3850ad4}*SharedItemsImports = 13
	EndGlobalSection
	GlobalSection(SolutionProperties) = preSolution
		HideSolutionNode = FALSE
	EndGlobalSection
EndGlobal
